
Microsoft Visual Studio Solution File, Format Version 12.00
# Visual Studio 15
VisualStudioVersion = 15.0.27703.2047
MinimumVisualStudioVersion = 10.0.40219.1
Project("{FAE04EC0-301F-11D3-BF4B-00C04F79EFBC}") = "Encuesta.Android", "Encuesta\Encuesta.Android\Encuesta.Android.csproj", "{0BE7C30F-8ED4-4475-B83C-8663F9A3A516}"
EndProject
Project("{FAE04EC0-301F-11D3-BF4B-00C04F79EFBC}") = "Encuesta.iOS", "Encuesta\Encuesta.iOS\Encuesta.iOS.csproj", "{1FC23E44-D344-4777-819E-70C39C827581}"
EndProject
Project("{FAE04EC0-301F-11D3-BF4B-00C04F79EFBC}") = "Encuesta.UWP", "Encuesta\Encuesta.UWP\Encuesta.UWP.csproj", "{A86F7850-4840-450E-B1B5-81B60C943CCD}"
EndProject
Project("{FAE04EC0-301F-11D3-BF4B-00C04F79EFBC}") = "Encuesta", "Encuesta\Encuesta\Encuesta.csproj", "{9AE085EA-F721-4EB8-8963-63B5D33F8B8B}"
EndProject
Project("{FAE04EC0-301F-11D3-BF4B-00C04F79EFBC}") = "Encuesta.WebApi", "Encuesta.WebApi\Encuesta.WebApi.csproj", "{9C1DCB76-B0D0-43DE-AEB0-D314AFF55790}"
EndProject
Project("{FAE04EC0-301F-11D3-BF4B-00C04F79EFBC}") = "Encuesta.Domain", "Encuesta.Domain\Encuesta.Domain.csproj", "{A80D8BCD-E29E-4D06-ADC6-F69A7CC2ED4D}"
EndProject
Project("{FAE04EC0-301F-11D3-BF4B-00C04F79EFBC}") = "Encuesta.Common", "Encuesta.Common\Encuesta.Common.csproj", "{9C72F813-DB2E-4569-808F-14B19A88DCD4}"
EndProject
Global
	GlobalSection(SolutionConfigurationPlatforms) = preSolution
		Ad-Hoc|Any CPU = Ad-Hoc|Any CPU
		Ad-Hoc|ARM = Ad-Hoc|ARM
		Ad-Hoc|iPhone = Ad-Hoc|iPhone
		Ad-Hoc|iPhoneSimulator = Ad-Hoc|iPhoneSimulator
		Ad-Hoc|x64 = Ad-Hoc|x64
		Ad-Hoc|x86 = Ad-Hoc|x86
		AppStore|Any CPU = AppStore|Any CPU
		AppStore|ARM = AppStore|ARM
		AppStore|iPhone = AppStore|iPhone
		AppStore|iPhoneSimulator = AppStore|iPhoneSimulator
		AppStore|x64 = AppStore|x64
		AppStore|x86 = AppStore|x86
		Debug|Any CPU = Debug|Any CPU
		Debug|ARM = Debug|ARM
		Debug|iPhone = Debug|iPhone
		Debug|iPhoneSimulator = Debug|iPhoneSimulator
		Debug|x64 = Debug|x64
		Debug|x86 = Debug|x86
		Release|Any CPU = Release|Any CPU
		Release|ARM = Release|ARM
		Release|iPhone = Release|iPhone
		Release|iPhoneSimulator = Release|iPhoneSimulator
		Release|x64 = Release|x64
		Release|x86 = Release|x86
	EndGlobalSection
	GlobalSection(ProjectConfigurationPlatforms) = postSolution
		{0BE7C30F-8ED4-4475-B83C-8663F9A3A516}.Ad-Hoc|Any CPU.ActiveCfg = Release|Any CPU
		{0BE7C30F-8ED4-4475-B83C-8663F9A3A516}.Ad-Hoc|Any CPU.Build.0 = Release|Any CPU
		{0BE7C30F-8ED4-4475-B83C-8663F9A3A516}.Ad-Hoc|Any CPU.Deploy.0 = Release|Any CPU
		{0BE7C30F-8ED4-4475-B83C-8663F9A3A516}.Ad-Hoc|ARM.ActiveCfg = Release|Any CPU
		{0BE7C30F-8ED4-4475-B83C-8663F9A3A516}.Ad-Hoc|ARM.Build.0 = Release|Any CPU
		{0BE7C30F-8ED4-4475-B83C-8663F9A3A516}.Ad-Hoc|ARM.Deploy.0 = Release|Any CPU
		{0BE7C30F-8ED4-4475-B83C-8663F9A3A516}.Ad-Hoc|iPhone.ActiveCfg = Release|Any CPU
		{0BE7C30F-8ED4-4475-B83C-8663F9A3A516}.Ad-Hoc|iPhone.Build.0 = Release|Any CPU
		{0BE7C30F-8ED4-4475-B83C-8663F9A3A516}.Ad-Hoc|iPhone.Deploy.0 = Release|Any CPU
		{0BE7C30F-8ED4-4475-B83C-8663F9A3A516}.Ad-Hoc|iPhoneSimulator.ActiveCfg = Release|Any CPU
		{0BE7C30F-8ED4-4475-B83C-8663F9A3A516}.Ad-Hoc|iPhoneSimulator.Build.0 = Release|Any CPU
		{0BE7C30F-8ED4-4475-B83C-8663F9A3A516}.Ad-Hoc|iPhoneSimulator.Deploy.0 = Release|Any CPU
		{0BE7C30F-8ED4-4475-B83C-8663F9A3A516}.Ad-Hoc|x64.ActiveCfg = Release|Any CPU
		{0BE7C30F-8ED4-4475-B83C-8663F9A3A516}.Ad-Hoc|x64.Build.0 = Release|Any CPU
		{0BE7C30F-8ED4-4475-B83C-8663F9A3A516}.Ad-Hoc|x64.Deploy.0 = Release|Any CPU
		{0BE7C30F-8ED4-4475-B83C-8663F9A3A516}.Ad-Hoc|x86.ActiveCfg = Release|Any CPU
		{0BE7C30F-8ED4-4475-B83C-8663F9A3A516}.Ad-Hoc|x86.Build.0 = Release|Any CPU
		{0BE7C30F-8ED4-4475-B83C-8663F9A3A516}.Ad-Hoc|x86.Deploy.0 = Release|Any CPU
		{0BE7C30F-8ED4-4475-B83C-8663F9A3A516}.AppStore|Any CPU.ActiveCfg = Release|Any CPU
		{0BE7C30F-8ED4-4475-B83C-8663F9A3A516}.AppStore|Any CPU.Build.0 = Release|Any CPU
		{0BE7C30F-8ED4-4475-B83C-8663F9A3A516}.AppStore|Any CPU.Deploy.0 = Release|Any CPU
		{0BE7C30F-8ED4-4475-B83C-8663F9A3A516}.AppStore|ARM.ActiveCfg = Release|Any CPU
		{0BE7C30F-8ED4-4475-B83C-8663F9A3A516}.AppStore|ARM.Build.0 = Release|Any CPU
		{0BE7C30F-8ED4-4475-B83C-8663F9A3A516}.AppStore|ARM.Deploy.0 = Release|Any CPU
		{0BE7C30F-8ED4-4475-B83C-8663F9A3A516}.AppStore|iPhone.ActiveCfg = Release|Any CPU
		{0BE7C30F-8ED4-4475-B83C-8663F9A3A516}.AppStore|iPhone.Build.0 = Release|Any CPU
		{0BE7C30F-8ED4-4475-B83C-8663F9A3A516}.AppStore|iPhone.Deploy.0 = Release|Any CPU
		{0BE7C30F-8ED4-4475-B83C-8663F9A3A516}.AppStore|iPhoneSimulator.ActiveCfg = Release|Any CPU
		{0BE7C30F-8ED4-4475-B83C-8663F9A3A516}.AppStore|iPhoneSimulator.Build.0 = Release|Any CPU
		{0BE7C30F-8ED4-4475-B83C-8663F9A3A516}.AppStore|iPhoneSimulator.Deploy.0 = Release|Any CPU
		{0BE7C30F-8ED4-4475-B83C-8663F9A3A516}.AppStore|x64.ActiveCfg = Release|Any CPU
		{0BE7C30F-8ED4-4475-B83C-8663F9A3A516}.AppStore|x64.Build.0 = Release|Any CPU
		{0BE7C30F-8ED4-4475-B83C-8663F9A3A516}.AppStore|x64.Deploy.0 = Release|Any CPU
		{0BE7C30F-8ED4-4475-B83C-8663F9A3A516}.AppStore|x86.ActiveCfg = Release|Any CPU
		{0BE7C30F-8ED4-4475-B83C-8663F9A3A516}.AppStore|x86.Build.0 = Release|Any CPU
		{0BE7C30F-8ED4-4475-B83C-8663F9A3A516}.AppStore|x86.Deploy.0 = Release|Any CPU
		{0BE7C30F-8ED4-4475-B83C-8663F9A3A516}.Debug|Any CPU.ActiveCfg = Debug|Any CPU
		{0BE7C30F-8ED4-4475-B83C-8663F9A3A516}.Debug|Any CPU.Build.0 = Debug|Any CPU
		{0BE7C30F-8ED4-4475-B83C-8663F9A3A516}.Debug|Any CPU.Deploy.0 = Debug|Any CPU
		{0BE7C30F-8ED4-4475-B83C-8663F9A3A516}.Debug|ARM.ActiveCfg = Debug|Any CPU
		{0BE7C30F-8ED4-4475-B83C-8663F9A3A516}.Debug|ARM.Build.0 = Debug|Any CPU
		{0BE7C30F-8ED4-4475-B83C-8663F9A3A516}.Debug|ARM.Deploy.0 = Debug|Any CPU
		{0BE7C30F-8ED4-4475-B83C-8663F9A3A516}.Debug|iPhone.ActiveCfg = Debug|Any CPU
		{0BE7C30F-8ED4-4475-B83C-8663F9A3A516}.Debug|iPhone.Build.0 = Debug|Any CPU
		{0BE7C30F-8ED4-4475-B83C-8663F9A3A516}.Debug|iPhone.Deploy.0 = Debug|Any CPU
		{0BE7C30F-8ED4-4475-B83C-8663F9A3A516}.Debug|iPhoneSimulator.ActiveCfg = Debug|Any CPU
		{0BE7C30F-8ED4-4475-B83C-8663F9A3A516}.Debug|iPhoneSimulator.Build.0 = Debug|Any CPU
		{0BE7C30F-8ED4-4475-B83C-8663F9A3A516}.Debug|iPhoneSimulator.Deploy.0 = Debug|Any CPU
		{0BE7C30F-8ED4-4475-B83C-8663F9A3A516}.Debug|x64.ActiveCfg = Debug|Any CPU
		{0BE7C30F-8ED4-4475-B83C-8663F9A3A516}.Debug|x64.Build.0 = Debug|Any CPU
		{0BE7C30F-8ED4-4475-B83C-8663F9A3A516}.Debug|x64.Deploy.0 = Debug|Any CPU
		{0BE7C30F-8ED4-4475-B83C-8663F9A3A516}.Debug|x86.ActiveCfg = Debug|Any CPU
		{0BE7C30F-8ED4-4475-B83C-8663F9A3A516}.Debug|x86.Build.0 = Debug|Any CPU
		{0BE7C30F-8ED4-4475-B83C-8663F9A3A516}.Debug|x86.Deploy.0 = Debug|Any CPU
		{0BE7C30F-8ED4-4475-B83C-8663F9A3A516}.Release|Any CPU.ActiveCfg = Release|Any CPU
		{0BE7C30F-8ED4-4475-B83C-8663F9A3A516}.Release|Any CPU.Build.0 = Release|Any CPU
		{0BE7C30F-8ED4-4475-B83C-8663F9A3A516}.Release|Any CPU.Deploy.0 = Release|Any CPU
		{0BE7C30F-8ED4-4475-B83C-8663F9A3A516}.Release|ARM.ActiveCfg = Release|Any CPU
		{0BE7C30F-8ED4-4475-B83C-8663F9A3A516}.Release|ARM.Build.0 = Release|Any CPU
		{0BE7C30F-8ED4-4475-B83C-8663F9A3A516}.Release|ARM.Deploy.0 = Release|Any CPU
		{0BE7C30F-8ED4-4475-B83C-8663F9A3A516}.Release|iPhone.ActiveCfg = Release|Any CPU
		{0BE7C30F-8ED4-4475-B83C-8663F9A3A516}.Release|iPhone.Build.0 = Release|Any CPU
		{0BE7C30F-8ED4-4475-B83C-8663F9A3A516}.Release|iPhone.Deploy.0 = Release|Any CPU
		{0BE7C30F-8ED4-4475-B83C-8663F9A3A516}.Release|iPhoneSimulator.ActiveCfg = Release|Any CPU
		{0BE7C30F-8ED4-4475-B83C-8663F9A3A516}.Release|iPhoneSimulator.Build.0 = Release|Any CPU
		{0BE7C30F-8ED4-4475-B83C-8663F9A3A516}.Release|iPhoneSimulator.Deploy.0 = Release|Any CPU
		{0BE7C30F-8ED4-4475-B83C-8663F9A3A516}.Release|x64.ActiveCfg = Release|Any CPU
		{0BE7C30F-8ED4-4475-B83C-8663F9A3A516}.Release|x64.Build.0 = Release|Any CPU
		{0BE7C30F-8ED4-4475-B83C-8663F9A3A516}.Release|x64.Deploy.0 = Release|Any CPU
		{0BE7C30F-8ED4-4475-B83C-8663F9A3A516}.Release|x86.ActiveCfg = Release|Any CPU
		{0BE7C30F-8ED4-4475-B83C-8663F9A3A516}.Release|x86.Build.0 = Release|Any CPU
		{0BE7C30F-8ED4-4475-B83C-8663F9A3A516}.Release|x86.Deploy.0 = Release|Any CPU
		{1FC23E44-D344-4777-819E-70C39C827581}.Ad-Hoc|Any CPU.ActiveCfg = Ad-Hoc|iPhone
		{1FC23E44-D344-4777-819E-70C39C827581}.Ad-Hoc|Any CPU.Build.0 = Ad-Hoc|iPhone
		{1FC23E44-D344-4777-819E-70C39C827581}.Ad-Hoc|Any CPU.Deploy.0 = Ad-Hoc|iPhone
		{1FC23E44-D344-4777-819E-70C39C827581}.Ad-Hoc|ARM.ActiveCfg = Ad-Hoc|iPhone
		{1FC23E44-D344-4777-819E-70C39C827581}.Ad-Hoc|ARM.Build.0 = Ad-Hoc|iPhone
		{1FC23E44-D344-4777-819E-70C39C827581}.Ad-Hoc|ARM.Deploy.0 = Ad-Hoc|iPhone
		{1FC23E44-D344-4777-819E-70C39C827581}.Ad-Hoc|iPhone.ActiveCfg = Ad-Hoc|iPhone
		{1FC23E44-D344-4777-819E-70C39C827581}.Ad-Hoc|iPhone.Build.0 = Ad-Hoc|iPhone
		{1FC23E44-D344-4777-819E-70C39C827581}.Ad-Hoc|iPhone.Deploy.0 = Ad-Hoc|iPhone
		{1FC23E44-D344-4777-819E-70C39C827581}.Ad-Hoc|iPhoneSimulator.ActiveCfg = Ad-Hoc|iPhoneSimulator
		{1FC23E44-D344-4777-819E-70C39C827581}.Ad-Hoc|iPhoneSimulator.Build.0 = Ad-Hoc|iPhoneSimulator
		{1FC23E44-D344-4777-819E-70C39C827581}.Ad-Hoc|iPhoneSimulator.Deploy.0 = Ad-Hoc|iPhoneSimulator
		{1FC23E44-D344-4777-819E-70C39C827581}.Ad-Hoc|x64.ActiveCfg = Ad-Hoc|iPhone
		{1FC23E44-D344-4777-819E-70C39C827581}.Ad-Hoc|x64.Build.0 = Ad-Hoc|iPhone
		{1FC23E44-D344-4777-819E-70C39C827581}.Ad-Hoc|x64.Deploy.0 = Ad-Hoc|iPhone
		{1FC23E44-D344-4777-819E-70C39C827581}.Ad-Hoc|x86.ActiveCfg = Ad-Hoc|iPhone
		{1FC23E44-D344-4777-819E-70C39C827581}.Ad-Hoc|x86.Build.0 = Ad-Hoc|iPhone
		{1FC23E44-D344-4777-819E-70C39C827581}.Ad-Hoc|x86.Deploy.0 = Ad-Hoc|iPhone
		{1FC23E44-D344-4777-819E-70C39C827581}.AppStore|Any CPU.ActiveCfg = AppStore|iPhone
		{1FC23E44-D344-4777-819E-70C39C827581}.AppStore|Any CPU.Build.0 = AppStore|iPhone
		{1FC23E44-D344-4777-819E-70C39C827581}.AppStore|Any CPU.Deploy.0 = AppStore|iPhone
		{1FC23E44-D344-4777-819E-70C39C827581}.AppStore|ARM.ActiveCfg = AppStore|iPhone
		{1FC23E44-D344-4777-819E-70C39C827581}.AppStore|ARM.Build.0 = AppStore|iPhone
		{1FC23E44-D344-4777-819E-70C39C827581}.AppStore|ARM.Deploy.0 = AppStore|iPhone
		{1FC23E44-D344-4777-819E-70C39C827581}.AppStore|iPhone.ActiveCfg = AppStore|iPhone
		{1FC23E44-D344-4777-819E-70C39C827581}.AppStore|iPhone.Build.0 = AppStore|iPhone
		{1FC23E44-D344-4777-819E-70C39C827581}.AppStore|iPhone.Deploy.0 = AppStore|iPhone
		{1FC23E44-D344-4777-819E-70C39C827581}.AppStore|iPhoneSimulator.ActiveCfg = AppStore|iPhoneSimulator
		{1FC23E44-D344-4777-819E-70C39C827581}.AppStore|iPhoneSimulator.Build.0 = AppStore|iPhoneSimulator
		{1FC23E44-D344-4777-819E-70C39C827581}.AppStore|iPhoneSimulator.Deploy.0 = AppStore|iPhoneSimulator
		{1FC23E44-D344-4777-819E-70C39C827581}.AppStore|x64.ActiveCfg = AppStore|iPhone
		{1FC23E44-D344-4777-819E-70C39C827581}.AppStore|x64.Build.0 = AppStore|iPhone
		{1FC23E44-D344-4777-819E-70C39C827581}.AppStore|x64.Deploy.0 = AppStore|iPhone
		{1FC23E44-D344-4777-819E-70C39C827581}.AppStore|x86.ActiveCfg = AppStore|iPhone
		{1FC23E44-D344-4777-819E-70C39C827581}.AppStore|x86.Build.0 = AppStore|iPhone
		{1FC23E44-D344-4777-819E-70C39C827581}.AppStore|x86.Deploy.0 = AppStore|iPhone
		{1FC23E44-D344-4777-819E-70C39C827581}.Debug|Any CPU.ActiveCfg = Debug|iPhoneSimulator
		{1FC23E44-D344-4777-819E-70C39C827581}.Debug|Any CPU.Build.0 = Debug|iPhoneSimulator
		{1FC23E44-D344-4777-819E-70C39C827581}.Debug|Any CPU.Deploy.0 = Debug|iPhoneSimulator
		{1FC23E44-D344-4777-819E-70C39C827581}.Debug|ARM.ActiveCfg = Debug|iPhone
		{1FC23E44-D344-4777-819E-70C39C827581}.Debug|ARM.Build.0 = Debug|iPhone
		{1FC23E44-D344-4777-819E-70C39C827581}.Debug|ARM.Deploy.0 = Debug|iPhone
		{1FC23E44-D344-4777-819E-70C39C827581}.Debug|iPhone.ActiveCfg = Debug|iPhone
		{1FC23E44-D344-4777-819E-70C39C827581}.Debug|iPhone.Build.0 = Debug|iPhone
		{1FC23E44-D344-4777-819E-70C39C827581}.Debug|iPhone.Deploy.0 = Debug|iPhone
		{1FC23E44-D344-4777-819E-70C39C827581}.Debug|iPhoneSimulator.ActiveCfg = Debug|iPhoneSimulator
		{1FC23E44-D344-4777-819E-70C39C827581}.Debug|iPhoneSimulator.Build.0 = Debug|iPhoneSimulator
		{1FC23E44-D344-4777-819E-70C39C827581}.Debug|iPhoneSimulator.Deploy.0 = Debug|iPhoneSimulator
		{1FC23E44-D344-4777-819E-70C39C827581}.Debug|x64.ActiveCfg = Debug|iPhone
		{1FC23E44-D344-4777-819E-70C39C827581}.Debug|x64.Build.0 = Debug|iPhone
		{1FC23E44-D344-4777-819E-70C39C827581}.Debug|x64.Deploy.0 = Debug|iPhone
		{1FC23E44-D344-4777-819E-70C39C827581}.Debug|x86.ActiveCfg = Debug|iPhone
		{1FC23E44-D344-4777-819E-70C39C827581}.Debug|x86.Build.0 = Debug|iPhone
		{1FC23E44-D344-4777-819E-70C39C827581}.Debug|x86.Deploy.0 = Debug|iPhone
		{1FC23E44-D344-4777-819E-70C39C827581}.Release|Any CPU.ActiveCfg = Release|iPhone
		{1FC23E44-D344-4777-819E-70C39C827581}.Release|Any CPU.Build.0 = Release|iPhone
		{1FC23E44-D344-4777-819E-70C39C827581}.Release|Any CPU.Deploy.0 = Release|iPhone
		{1FC23E44-D344-4777-819E-70C39C827581}.Release|ARM.ActiveCfg = Release|iPhone
		{1FC23E44-D344-4777-819E-70C39C827581}.Release|ARM.Build.0 = Release|iPhone
		{1FC23E44-D344-4777-819E-70C39C827581}.Release|ARM.Deploy.0 = Release|iPhone
		{1FC23E44-D344-4777-819E-70C39C827581}.Release|iPhone.ActiveCfg = Release|iPhone
		{1FC23E44-D344-4777-819E-70C39C827581}.Release|iPhone.Build.0 = Release|iPhone
		{1FC23E44-D344-4777-819E-70C39C827581}.Release|iPhone.Deploy.0 = Release|iPhone
		{1FC23E44-D344-4777-819E-70C39C827581}.Release|iPhoneSimulator.ActiveCfg = Release|iPhoneSimulator
		{1FC23E44-D344-4777-819E-70C39C827581}.Release|iPhoneSimulator.Build.0 = Release|iPhoneSimulator
		{1FC23E44-D344-4777-819E-70C39C827581}.Release|iPhoneSimulator.Deploy.0 = Release|iPhoneSimulator
		{1FC23E44-D344-4777-819E-70C39C827581}.Release|x64.ActiveCfg = Release|iPhone
		{1FC23E44-D344-4777-819E-70C39C827581}.Release|x64.Build.0 = Release|iPhone
		{1FC23E44-D344-4777-819E-70C39C827581}.Release|x64.Deploy.0 = Release|iPhone
		{1FC23E44-D344-4777-819E-70C39C827581}.Release|x86.ActiveCfg = Release|iPhone
		{1FC23E44-D344-4777-819E-70C39C827581}.Release|x86.Build.0 = Release|iPhone
		{1FC23E44-D344-4777-819E-70C39C827581}.Release|x86.Deploy.0 = Release|iPhone
		{A86F7850-4840-450E-B1B5-81B60C943CCD}.Ad-Hoc|Any CPU.ActiveCfg = Release|x86
		{A86F7850-4840-450E-B1B5-81B60C943CCD}.Ad-Hoc|Any CPU.Build.0 = Release|x86
		{A86F7850-4840-450E-B1B5-81B60C943CCD}.Ad-Hoc|Any CPU.Deploy.0 = Release|x86
		{A86F7850-4840-450E-B1B5-81B60C943CCD}.Ad-Hoc|ARM.ActiveCfg = Release|ARM
		{A86F7850-4840-450E-B1B5-81B60C943CCD}.Ad-Hoc|ARM.Build.0 = Release|ARM
		{A86F7850-4840-450E-B1B5-81B60C943CCD}.Ad-Hoc|ARM.Deploy.0 = Release|ARM
		{A86F7850-4840-450E-B1B5-81B60C943CCD}.Ad-Hoc|iPhone.ActiveCfg = Release|x86
		{A86F7850-4840-450E-B1B5-81B60C943CCD}.Ad-Hoc|iPhone.Build.0 = Release|x86
		{A86F7850-4840-450E-B1B5-81B60C943CCD}.Ad-Hoc|iPhone.Deploy.0 = Release|x86
		{A86F7850-4840-450E-B1B5-81B60C943CCD}.Ad-Hoc|iPhoneSimulator.ActiveCfg = Release|x86
		{A86F7850-4840-450E-B1B5-81B60C943CCD}.Ad-Hoc|iPhoneSimulator.Build.0 = Release|x86
		{A86F7850-4840-450E-B1B5-81B60C943CCD}.Ad-Hoc|iPhoneSimulator.Deploy.0 = Release|x86
		{A86F7850-4840-450E-B1B5-81B60C943CCD}.Ad-Hoc|x64.ActiveCfg = Release|x64
		{A86F7850-4840-450E-B1B5-81B60C943CCD}.Ad-Hoc|x64.Build.0 = Release|x64
		{A86F7850-4840-450E-B1B5-81B60C943CCD}.Ad-Hoc|x64.Deploy.0 = Release|x64
		{A86F7850-4840-450E-B1B5-81B60C943CCD}.Ad-Hoc|x86.ActiveCfg = Release|x86
		{A86F7850-4840-450E-B1B5-81B60C943CCD}.Ad-Hoc|x86.Build.0 = Release|x86
		{A86F7850-4840-450E-B1B5-81B60C943CCD}.Ad-Hoc|x86.Deploy.0 = Release|x86
		{A86F7850-4840-450E-B1B5-81B60C943CCD}.AppStore|Any CPU.ActiveCfg = Release|x86
		{A86F7850-4840-450E-B1B5-81B60C943CCD}.AppStore|Any CPU.Build.0 = Release|x86
		{A86F7850-4840-450E-B1B5-81B60C943CCD}.AppStore|Any CPU.Deploy.0 = Release|x86
		{A86F7850-4840-450E-B1B5-81B60C943CCD}.AppStore|ARM.ActiveCfg = Release|ARM
		{A86F7850-4840-450E-B1B5-81B60C943CCD}.AppStore|ARM.Build.0 = Release|ARM
		{A86F7850-4840-450E-B1B5-81B60C943CCD}.AppStore|ARM.Deploy.0 = Release|ARM
		{A86F7850-4840-450E-B1B5-81B60C943CCD}.AppStore|iPhone.ActiveCfg = Release|x86
		{A86F7850-4840-450E-B1B5-81B60C943CCD}.AppStore|iPhone.Build.0 = Release|x86
		{A86F7850-4840-450E-B1B5-81B60C943CCD}.AppStore|iPhone.Deploy.0 = Release|x86
		{A86F7850-4840-450E-B1B5-81B60C943CCD}.AppStore|iPhoneSimulator.ActiveCfg = Release|x86
		{A86F7850-4840-450E-B1B5-81B60C943CCD}.AppStore|iPhoneSimulator.Build.0 = Release|x86
		{A86F7850-4840-450E-B1B5-81B60C943CCD}.AppStore|iPhoneSimulator.Deploy.0 = Release|x86
		{A86F7850-4840-450E-B1B5-81B60C943CCD}.AppStore|x64.ActiveCfg = Release|x64
		{A86F7850-4840-450E-B1B5-81B60C943CCD}.AppStore|x64.Build.0 = Release|x64
		{A86F7850-4840-450E-B1B5-81B60C943CCD}.AppStore|x64.Deploy.0 = Release|x64
		{A86F7850-4840-450E-B1B5-81B60C943CCD}.AppStore|x86.ActiveCfg = Release|x86
		{A86F7850-4840-450E-B1B5-81B60C943CCD}.AppStore|x86.Build.0 = Release|x86
		{A86F7850-4840-450E-B1B5-81B60C943CCD}.AppStore|x86.Deploy.0 = Release|x86
		{A86F7850-4840-450E-B1B5-81B60C943CCD}.Debug|Any CPU.ActiveCfg = Debug|x86
		{A86F7850-4840-450E-B1B5-81B60C943CCD}.Debug|Any CPU.Build.0 = Debug|x86
		{A86F7850-4840-450E-B1B5-81B60C943CCD}.Debug|Any CPU.Deploy.0 = Debug|x86
		{A86F7850-4840-450E-B1B5-81B60C943CCD}.Debug|ARM.ActiveCfg = Debug|ARM
		{A86F7850-4840-450E-B1B5-81B60C943CCD}.Debug|ARM.Build.0 = Debug|ARM
		{A86F7850-4840-450E-B1B5-81B60C943CCD}.Debug|ARM.Deploy.0 = Debug|ARM
		{A86F7850-4840-450E-B1B5-81B60C943CCD}.Debug|iPhone.ActiveCfg = Debug|x86
		{A86F7850-4840-450E-B1B5-81B60C943CCD}.Debug|iPhone.Build.0 = Debug|x86
		{A86F7850-4840-450E-B1B5-81B60C943CCD}.Debug|iPhone.Deploy.0 = Debug|x86
		{A86F7850-4840-450E-B1B5-81B60C943CCD}.Debug|iPhoneSimulator.ActiveCfg = Debug|x86
		{A86F7850-4840-450E-B1B5-81B60C943CCD}.Debug|iPhoneSimulator.Build.0 = Debug|x86
		{A86F7850-4840-450E-B1B5-81B60C943CCD}.Debug|iPhoneSimulator.Deploy.0 = Debug|x86
		{A86F7850-4840-450E-B1B5-81B60C943CCD}.Debug|x64.ActiveCfg = Debug|x64
		{A86F7850-4840-450E-B1B5-81B60C943CCD}.Debug|x64.Build.0 = Debug|x64
		{A86F7850-4840-450E-B1B5-81B60C943CCD}.Debug|x64.Deploy.0 = Debug|x64
		{A86F7850-4840-450E-B1B5-81B60C943CCD}.Debug|x86.ActiveCfg = Debug|x86
		{A86F7850-4840-450E-B1B5-81B60C943CCD}.Debug|x86.Build.0 = Debug|x86
		{A86F7850-4840-450E-B1B5-81B60C943CCD}.Debug|x86.Deploy.0 = Debug|x86
		{A86F7850-4840-450E-B1B5-81B60C943CCD}.Release|Any CPU.ActiveCfg = Release|x86
		{A86F7850-4840-450E-B1B5-81B60C943CCD}.Release|Any CPU.Build.0 = Release|x86
		{A86F7850-4840-450E-B1B5-81B60C943CCD}.Release|Any CPU.Deploy.0 = Release|x86
		{A86F7850-4840-450E-B1B5-81B60C943CCD}.Release|ARM.ActiveCfg = Release|ARM
		{A86F7850-4840-450E-B1B5-81B60C943CCD}.Release|ARM.Build.0 = Release|ARM
		{A86F7850-4840-450E-B1B5-81B60C943CCD}.Release|ARM.Deploy.0 = Release|ARM
		{A86F7850-4840-450E-B1B5-81B60C943CCD}.Release|iPhone.ActiveCfg = Release|x86
		{A86F7850-4840-450E-B1B5-81B60C943CCD}.Release|iPhone.Build.0 = Release|x86
		{A86F7850-4840-450E-B1B5-81B60C943CCD}.Release|iPhone.Deploy.0 = Release|x86
		{A86F7850-4840-450E-B1B5-81B60C943CCD}.Release|iPhoneSimulator.ActiveCfg = Release|x86
		{A86F7850-4840-450E-B1B5-81B60C943CCD}.Release|iPhoneSimulator.Build.0 = Release|x86
		{A86F7850-4840-450E-B1B5-81B60C943CCD}.Release|iPhoneSimulator.Deploy.0 = Release|x86
		{A86F7850-4840-450E-B1B5-81B60C943CCD}.Release|x64.ActiveCfg = Release|x64
		{A86F7850-4840-450E-B1B5-81B60C943CCD}.Release|x64.Build.0 = Release|x64
		{A86F7850-4840-450E-B1B5-81B60C943CCD}.Release|x64.Deploy.0 = Release|x64
		{A86F7850-4840-450E-B1B5-81B60C943CCD}.Release|x86.ActiveCfg = Release|x86
		{A86F7850-4840-450E-B1B5-81B60C943CCD}.Release|x86.Build.0 = Release|x86
		{A86F7850-4840-450E-B1B5-81B60C943CCD}.Release|x86.Deploy.0 = Release|x86
		{9AE085EA-F721-4EB8-8963-63B5D33F8B8B}.Ad-Hoc|Any CPU.ActiveCfg = Debug|Any CPU
		{9AE085EA-F721-4EB8-8963-63B5D33F8B8B}.Ad-Hoc|Any CPU.Build.0 = Debug|Any CPU
		{9AE085EA-F721-4EB8-8963-63B5D33F8B8B}.Ad-Hoc|Any CPU.Deploy.0 = Debug|Any CPU
		{9AE085EA-F721-4EB8-8963-63B5D33F8B8B}.Ad-Hoc|ARM.ActiveCfg = Debug|Any CPU
		{9AE085EA-F721-4EB8-8963-63B5D33F8B8B}.Ad-Hoc|ARM.Build.0 = Debug|Any CPU
		{9AE085EA-F721-4EB8-8963-63B5D33F8B8B}.Ad-Hoc|ARM.Deploy.0 = Debug|Any CPU
		{9AE085EA-F721-4EB8-8963-63B5D33F8B8B}.Ad-Hoc|iPhone.ActiveCfg = Debug|Any CPU
		{9AE085EA-F721-4EB8-8963-63B5D33F8B8B}.Ad-Hoc|iPhone.Build.0 = Debug|Any CPU
		{9AE085EA-F721-4EB8-8963-63B5D33F8B8B}.Ad-Hoc|iPhone.Deploy.0 = Debug|Any CPU
		{9AE085EA-F721-4EB8-8963-63B5D33F8B8B}.Ad-Hoc|iPhoneSimulator.ActiveCfg = Debug|Any CPU
		{9AE085EA-F721-4EB8-8963-63B5D33F8B8B}.Ad-Hoc|iPhoneSimulator.Build.0 = Debug|Any CPU
		{9AE085EA-F721-4EB8-8963-63B5D33F8B8B}.Ad-Hoc|iPhoneSimulator.Deploy.0 = Debug|Any CPU
		{9AE085EA-F721-4EB8-8963-63B5D33F8B8B}.Ad-Hoc|x64.ActiveCfg = Debug|Any CPU
		{9AE085EA-F721-4EB8-8963-63B5D33F8B8B}.Ad-Hoc|x64.Build.0 = Debug|Any CPU
		{9AE085EA-F721-4EB8-8963-63B5D33F8B8B}.Ad-Hoc|x64.Deploy.0 = Debug|Any CPU
		{9AE085EA-F721-4EB8-8963-63B5D33F8B8B}.Ad-Hoc|x86.ActiveCfg = Debug|Any CPU
		{9AE085EA-F721-4EB8-8963-63B5D33F8B8B}.Ad-Hoc|x86.Build.0 = Debug|Any CPU
		{9AE085EA-F721-4EB8-8963-63B5D33F8B8B}.Ad-Hoc|x86.Deploy.0 = Debug|Any CPU
		{9AE085EA-F721-4EB8-8963-63B5D33F8B8B}.AppStore|Any CPU.ActiveCfg = Debug|Any CPU
		{9AE085EA-F721-4EB8-8963-63B5D33F8B8B}.AppStore|Any CPU.Build.0 = Debug|Any CPU
		{9AE085EA-F721-4EB8-8963-63B5D33F8B8B}.AppStore|Any CPU.Deploy.0 = Debug|Any CPU
		{9AE085EA-F721-4EB8-8963-63B5D33F8B8B}.AppStore|ARM.ActiveCfg = Debug|Any CPU
		{9AE085EA-F721-4EB8-8963-63B5D33F8B8B}.AppStore|ARM.Build.0 = Debug|Any CPU
		{9AE085EA-F721-4EB8-8963-63B5D33F8B8B}.AppStore|ARM.Deploy.0 = Debug|Any CPU
		{9AE085EA-F721-4EB8-8963-63B5D33F8B8B}.AppStore|iPhone.ActiveCfg = Debug|Any CPU
		{9AE085EA-F721-4EB8-8963-63B5D33F8B8B}.AppStore|iPhone.Build.0 = Debug|Any CPU
		{9AE085EA-F721-4EB8-8963-63B5D33F8B8B}.AppStore|iPhone.Deploy.0 = Debug|Any CPU
		{9AE085EA-F721-4EB8-8963-63B5D33F8B8B}.AppStore|iPhoneSimulator.ActiveCfg = Debug|Any CPU
		{9AE085EA-F721-4EB8-8963-63B5D33F8B8B}.AppStore|iPhoneSimulator.Build.0 = Debug|Any CPU
		{9AE085EA-F721-4EB8-8963-63B5D33F8B8B}.AppStore|iPhoneSimulator.Deploy.0 = Debug|Any CPU
		{9AE085EA-F721-4EB8-8963-63B5D33F8B8B}.AppStore|x64.ActiveCfg = Debug|Any CPU
		{9AE085EA-F721-4EB8-8963-63B5D33F8B8B}.AppStore|x64.Build.0 = Debug|Any CPU
		{9AE085EA-F721-4EB8-8963-63B5D33F8B8B}.AppStore|x64.Deploy.0 = Debug|Any CPU
		{9AE085EA-F721-4EB8-8963-63B5D33F8B8B}.AppStore|x86.ActiveCfg = Debug|Any CPU
		{9AE085EA-F721-4EB8-8963-63B5D33F8B8B}.AppStore|x86.Build.0 = Debug|Any CPU
		{9AE085EA-F721-4EB8-8963-63B5D33F8B8B}.AppStore|x86.Deploy.0 = Debug|Any CPU
		{9AE085EA-F721-4EB8-8963-63B5D33F8B8B}.Debug|Any CPU.ActiveCfg = Debug|Any CPU
		{9AE085EA-F721-4EB8-8963-63B5D33F8B8B}.Debug|Any CPU.Build.0 = Debug|Any CPU
		{9AE085EA-F721-4EB8-8963-63B5D33F8B8B}.Debug|Any CPU.Deploy.0 = Debug|Any CPU
		{9AE085EA-F721-4EB8-8963-63B5D33F8B8B}.Debug|ARM.ActiveCfg = Debug|Any CPU
		{9AE085EA-F721-4EB8-8963-63B5D33F8B8B}.Debug|ARM.Build.0 = Debug|Any CPU
		{9AE085EA-F721-4EB8-8963-63B5D33F8B8B}.Debug|ARM.Deploy.0 = Debug|Any CPU
		{9AE085EA-F721-4EB8-8963-63B5D33F8B8B}.Debug|iPhone.ActiveCfg = Debug|Any CPU
		{9AE085EA-F721-4EB8-8963-63B5D33F8B8B}.Debug|iPhone.Build.0 = Debug|Any CPU
		{9AE085EA-F721-4EB8-8963-63B5D33F8B8B}.Debug|iPhone.Deploy.0 = Debug|Any CPU
		{9AE085EA-F721-4EB8-8963-63B5D33F8B8B}.Debug|iPhoneSimulator.ActiveCfg = Debug|Any CPU
		{9AE085EA-F721-4EB8-8963-63B5D33F8B8B}.Debug|iPhoneSimulator.Build.0 = Debug|Any CPU
		{9AE085EA-F721-4EB8-8963-63B5D33F8B8B}.Debug|iPhoneSimulator.Deploy.0 = Debug|Any CPU
		{9AE085EA-F721-4EB8-8963-63B5D33F8B8B}.Debug|x64.ActiveCfg = Debug|Any CPU
		{9AE085EA-F721-4EB8-8963-63B5D33F8B8B}.Debug|x64.Build.0 = Debug|Any CPU
		{9AE085EA-F721-4EB8-8963-63B5D33F8B8B}.Debug|x64.Deploy.0 = Debug|Any CPU
		{9AE085EA-F721-4EB8-8963-63B5D33F8B8B}.Debug|x86.ActiveCfg = Debug|Any CPU
		{9AE085EA-F721-4EB8-8963-63B5D33F8B8B}.Debug|x86.Build.0 = Debug|Any CPU
		{9AE085EA-F721-4EB8-8963-63B5D33F8B8B}.Debug|x86.Deploy.0 = Debug|Any CPU
		{9AE085EA-F721-4EB8-8963-63B5D33F8B8B}.Release|Any CPU.ActiveCfg = Release|Any CPU
		{9AE085EA-F721-4EB8-8963-63B5D33F8B8B}.Release|Any CPU.Build.0 = Release|Any CPU
		{9AE085EA-F721-4EB8-8963-63B5D33F8B8B}.Release|Any CPU.Deploy.0 = Release|Any CPU
		{9AE085EA-F721-4EB8-8963-63B5D33F8B8B}.Release|ARM.ActiveCfg = Release|Any CPU
		{9AE085EA-F721-4EB8-8963-63B5D33F8B8B}.Release|ARM.Build.0 = Release|Any CPU
		{9AE085EA-F721-4EB8-8963-63B5D33F8B8B}.Release|ARM.Deploy.0 = Release|Any CPU
		{9AE085EA-F721-4EB8-8963-63B5D33F8B8B}.Release|iPhone.ActiveCfg = Release|Any CPU
		{9AE085EA-F721-4EB8-8963-63B5D33F8B8B}.Release|iPhone.Build.0 = Release|Any CPU
		{9AE085EA-F721-4EB8-8963-63B5D33F8B8B}.Release|iPhone.Deploy.0 = Release|Any CPU
		{9AE085EA-F721-4EB8-8963-63B5D33F8B8B}.Release|iPhoneSimulator.ActiveCfg = Release|Any CPU
		{9AE085EA-F721-4EB8-8963-63B5D33F8B8B}.Release|iPhoneSimulator.Build.0 = Release|Any CPU
		{9AE085EA-F721-4EB8-8963-63B5D33F8B8B}.Release|iPhoneSimulator.Deploy.0 = Release|Any CPU
		{9AE085EA-F721-4EB8-8963-63B5D33F8B8B}.Release|x64.ActiveCfg = Release|Any CPU
		{9AE085EA-F721-4EB8-8963-63B5D33F8B8B}.Release|x64.Build.0 = Release|Any CPU
		{9AE085EA-F721-4EB8-8963-63B5D33F8B8B}.Release|x64.Deploy.0 = Release|Any CPU
		{9AE085EA-F721-4EB8-8963-63B5D33F8B8B}.Release|x86.ActiveCfg = Release|Any CPU
		{9AE085EA-F721-4EB8-8963-63B5D33F8B8B}.Release|x86.Build.0 = Release|Any CPU
		{9AE085EA-F721-4EB8-8963-63B5D33F8B8B}.Release|x86.Deploy.0 = Release|Any CPU
		{9C1DCB76-B0D0-43DE-AEB0-D314AFF55790}.Ad-Hoc|Any CPU.ActiveCfg = Release|Any CPU
		{9C1DCB76-B0D0-43DE-AEB0-D314AFF55790}.Ad-Hoc|Any CPU.Build.0 = Release|Any CPU
		{9C1DCB76-B0D0-43DE-AEB0-D314AFF55790}.Ad-Hoc|ARM.ActiveCfg = Release|Any CPU
		{9C1DCB76-B0D0-43DE-AEB0-D314AFF55790}.Ad-Hoc|ARM.Build.0 = Release|Any CPU
		{9C1DCB76-B0D0-43DE-AEB0-D314AFF55790}.Ad-Hoc|iPhone.ActiveCfg = Release|Any CPU
		{9C1DCB76-B0D0-43DE-AEB0-D314AFF55790}.Ad-Hoc|iPhone.Build.0 = Release|Any CPU
		{9C1DCB76-B0D0-43DE-AEB0-D314AFF55790}.Ad-Hoc|iPhoneSimulator.ActiveCfg = Release|Any CPU
		{9C1DCB76-B0D0-43DE-AEB0-D314AFF55790}.Ad-Hoc|iPhoneSimulator.Build.0 = Release|Any CPU
		{9C1DCB76-B0D0-43DE-AEB0-D314AFF55790}.Ad-Hoc|x64.ActiveCfg = Release|Any CPU
		{9C1DCB76-B0D0-43DE-AEB0-D314AFF55790}.Ad-Hoc|x64.Build.0 = Release|Any CPU
		{9C1DCB76-B0D0-43DE-AEB0-D314AFF55790}.Ad-Hoc|x86.ActiveCfg = Release|Any CPU
		{9C1DCB76-B0D0-43DE-AEB0-D314AFF55790}.Ad-Hoc|x86.Build.0 = Release|Any CPU
		{9C1DCB76-B0D0-43DE-AEB0-D314AFF55790}.AppStore|Any CPU.ActiveCfg = Release|Any CPU
		{9C1DCB76-B0D0-43DE-AEB0-D314AFF55790}.AppStore|Any CPU.Build.0 = Release|Any CPU
		{9C1DCB76-B0D0-43DE-AEB0-D314AFF55790}.AppStore|ARM.ActiveCfg = Release|Any CPU
		{9C1DCB76-B0D0-43DE-AEB0-D314AFF55790}.AppStore|ARM.Build.0 = Release|Any CPU
		{9C1DCB76-B0D0-43DE-AEB0-D314AFF55790}.AppStore|iPhone.ActiveCfg = Release|Any CPU
		{9C1DCB76-B0D0-43DE-AEB0-D314AFF55790}.AppStore|iPhone.Build.0 = Release|Any CPU
		{9C1DCB76-B0D0-43DE-AEB0-D314AFF55790}.AppStore|iPhoneSimulator.ActiveCfg = Release|Any CPU
		{9C1DCB76-B0D0-43DE-AEB0-D314AFF55790}.AppStore|iPhoneSimulator.Build.0 = Release|Any CPU
		{9C1DCB76-B0D0-43DE-AEB0-D314AFF55790}.AppStore|x64.ActiveCfg = Release|Any CPU
		{9C1DCB76-B0D0-43DE-AEB0-D314AFF55790}.AppStore|x64.Build.0 = Release|Any CPU
		{9C1DCB76-B0D0-43DE-AEB0-D314AFF55790}.AppStore|x86.ActiveCfg = Release|Any CPU
		{9C1DCB76-B0D0-43DE-AEB0-D314AFF55790}.AppStore|x86.Build.0 = Release|Any CPU
		{9C1DCB76-B0D0-43DE-AEB0-D314AFF55790}.Debug|Any CPU.ActiveCfg = Debug|Any CPU
		{9C1DCB76-B0D0-43DE-AEB0-D314AFF55790}.Debug|Any CPU.Build.0 = Debug|Any CPU
		{9C1DCB76-B0D0-43DE-AEB0-D314AFF55790}.Debug|ARM.ActiveCfg = Debug|Any CPU
		{9C1DCB76-B0D0-43DE-AEB0-D314AFF55790}.Debug|ARM.Build.0 = Debug|Any CPU
		{9C1DCB76-B0D0-43DE-AEB0-D314AFF55790}.Debug|iPhone.ActiveCfg = Debug|Any CPU
		{9C1DCB76-B0D0-43DE-AEB0-D314AFF55790}.Debug|iPhone.Build.0 = Debug|Any CPU
		{9C1DCB76-B0D0-43DE-AEB0-D314AFF55790}.Debug|iPhoneSimulator.ActiveCfg = Debug|Any CPU
		{9C1DCB76-B0D0-43DE-AEB0-D314AFF55790}.Debug|iPhoneSimulator.Build.0 = Debug|Any CPU
		{9C1DCB76-B0D0-43DE-AEB0-D314AFF55790}.Debug|x64.ActiveCfg = Debug|Any CPU
		{9C1DCB76-B0D0-43DE-AEB0-D314AFF55790}.Debug|x64.Build.0 = Debug|Any CPU
		{9C1DCB76-B0D0-43DE-AEB0-D314AFF55790}.Debug|x86.ActiveCfg = Debug|Any CPU
		{9C1DCB76-B0D0-43DE-AEB0-D314AFF55790}.Debug|x86.Build.0 = Debug|Any CPU
		{9C1DCB76-B0D0-43DE-AEB0-D314AFF55790}.Release|Any CPU.ActiveCfg = Release|Any CPU
		{9C1DCB76-B0D0-43DE-AEB0-D314AFF55790}.Release|Any CPU.Build.0 = Release|Any CPU
		{9C1DCB76-B0D0-43DE-AEB0-D314AFF55790}.Release|ARM.ActiveCfg = Release|Any CPU
		{9C1DCB76-B0D0-43DE-AEB0-D314AFF55790}.Release|ARM.Build.0 = Release|Any CPU
		{9C1DCB76-B0D0-43DE-AEB0-D314AFF55790}.Release|iPhone.ActiveCfg = Release|Any CPU
		{9C1DCB76-B0D0-43DE-AEB0-D314AFF55790}.Release|iPhone.Build.0 = Release|Any CPU
		{9C1DCB76-B0D0-43DE-AEB0-D314AFF55790}.Release|iPhoneSimulator.ActiveCfg = Release|Any CPU
		{9C1DCB76-B0D0-43DE-AEB0-D314AFF55790}.Release|iPhoneSimulator.Build.0 = Release|Any CPU
		{9C1DCB76-B0D0-43DE-AEB0-D314AFF55790}.Release|x64.ActiveCfg = Release|Any CPU
		{9C1DCB76-B0D0-43DE-AEB0-D314AFF55790}.Release|x64.Build.0 = Release|Any CPU
		{9C1DCB76-B0D0-43DE-AEB0-D314AFF55790}.Release|x86.ActiveCfg = Release|Any CPU
		{9C1DCB76-B0D0-43DE-AEB0-D314AFF55790}.Release|x86.Build.0 = Release|Any CPU
		{A80D8BCD-E29E-4D06-ADC6-F69A7CC2ED4D}.Ad-Hoc|Any CPU.ActiveCfg = Release|Any CPU
		{A80D8BCD-E29E-4D06-ADC6-F69A7CC2ED4D}.Ad-Hoc|Any CPU.Build.0 = Release|Any CPU
		{A80D8BCD-E29E-4D06-ADC6-F69A7CC2ED4D}.Ad-Hoc|ARM.ActiveCfg = Release|Any CPU
		{A80D8BCD-E29E-4D06-ADC6-F69A7CC2ED4D}.Ad-Hoc|ARM.Build.0 = Release|Any CPU
		{A80D8BCD-E29E-4D06-ADC6-F69A7CC2ED4D}.Ad-Hoc|iPhone.ActiveCfg = Release|Any CPU
		{A80D8BCD-E29E-4D06-ADC6-F69A7CC2ED4D}.Ad-Hoc|iPhone.Build.0 = Release|Any CPU
		{A80D8BCD-E29E-4D06-ADC6-F69A7CC2ED4D}.Ad-Hoc|iPhoneSimulator.ActiveCfg = Release|Any CPU
		{A80D8BCD-E29E-4D06-ADC6-F69A7CC2ED4D}.Ad-Hoc|iPhoneSimulator.Build.0 = Release|Any CPU
		{A80D8BCD-E29E-4D06-ADC6-F69A7CC2ED4D}.Ad-Hoc|x64.ActiveCfg = Release|Any CPU
		{A80D8BCD-E29E-4D06-ADC6-F69A7CC2ED4D}.Ad-Hoc|x64.Build.0 = Release|Any CPU
		{A80D8BCD-E29E-4D06-ADC6-F69A7CC2ED4D}.Ad-Hoc|x86.ActiveCfg = Release|Any CPU
		{A80D8BCD-E29E-4D06-ADC6-F69A7CC2ED4D}.Ad-Hoc|x86.Build.0 = Release|Any CPU
		{A80D8BCD-E29E-4D06-ADC6-F69A7CC2ED4D}.AppStore|Any CPU.ActiveCfg = Release|Any CPU
		{A80D8BCD-E29E-4D06-ADC6-F69A7CC2ED4D}.AppStore|Any CPU.Build.0 = Release|Any CPU
		{A80D8BCD-E29E-4D06-ADC6-F69A7CC2ED4D}.AppStore|ARM.ActiveCfg = Release|Any CPU
		{A80D8BCD-E29E-4D06-ADC6-F69A7CC2ED4D}.AppStore|ARM.Build.0 = Release|Any CPU
		{A80D8BCD-E29E-4D06-ADC6-F69A7CC2ED4D}.AppStore|iPhone.ActiveCfg = Release|Any CPU
		{A80D8BCD-E29E-4D06-ADC6-F69A7CC2ED4D}.AppStore|iPhone.Build.0 = Release|Any CPU
		{A80D8BCD-E29E-4D06-ADC6-F69A7CC2ED4D}.AppStore|iPhoneSimulator.ActiveCfg = Release|Any CPU
		{A80D8BCD-E29E-4D06-ADC6-F69A7CC2ED4D}.AppStore|iPhoneSimulator.Build.0 = Release|Any CPU
		{A80D8BCD-E29E-4D06-ADC6-F69A7CC2ED4D}.AppStore|x64.ActiveCfg = Release|Any CPU
		{A80D8BCD-E29E-4D06-ADC6-F69A7CC2ED4D}.AppStore|x64.Build.0 = Release|Any CPU
		{A80D8BCD-E29E-4D06-ADC6-F69A7CC2ED4D}.AppStore|x86.ActiveCfg = Release|Any CPU
		{A80D8BCD-E29E-4D06-ADC6-F69A7CC2ED4D}.AppStore|x86.Build.0 = Release|Any CPU
		{A80D8BCD-E29E-4D06-ADC6-F69A7CC2ED4D}.Debug|Any CPU.ActiveCfg = Debug|Any CPU
		{A80D8BCD-E29E-4D06-ADC6-F69A7CC2ED4D}.Debug|Any CPU.Build.0 = Debug|Any CPU
		{A80D8BCD-E29E-4D06-ADC6-F69A7CC2ED4D}.Debug|ARM.ActiveCfg = Debug|Any CPU
		{A80D8BCD-E29E-4D06-ADC6-F69A7CC2ED4D}.Debug|ARM.Build.0 = Debug|Any CPU
		{A80D8BCD-E29E-4D06-ADC6-F69A7CC2ED4D}.Debug|iPhone.ActiveCfg = Debug|Any CPU
		{A80D8BCD-E29E-4D06-ADC6-F69A7CC2ED4D}.Debug|iPhone.Build.0 = Debug|Any CPU
		{A80D8BCD-E29E-4D06-ADC6-F69A7CC2ED4D}.Debug|iPhoneSimulator.ActiveCfg = Debug|Any CPU
		{A80D8BCD-E29E-4D06-ADC6-F69A7CC2ED4D}.Debug|iPhoneSimulator.Build.0 = Debug|Any CPU
		{A80D8BCD-E29E-4D06-ADC6-F69A7CC2ED4D}.Debug|x64.ActiveCfg = Debug|Any CPU
		{A80D8BCD-E29E-4D06-ADC6-F69A7CC2ED4D}.Debug|x64.Build.0 = Debug|Any CPU
		{A80D8BCD-E29E-4D06-ADC6-F69A7CC2ED4D}.Debug|x86.ActiveCfg = Debug|Any CPU
		{A80D8BCD-E29E-4D06-ADC6-F69A7CC2ED4D}.Debug|x86.Build.0 = Debug|Any CPU
		{A80D8BCD-E29E-4D06-ADC6-F69A7CC2ED4D}.Release|Any CPU.ActiveCfg = Release|Any CPU
		{A80D8BCD-E29E-4D06-ADC6-F69A7CC2ED4D}.Release|Any CPU.Build.0 = Release|Any CPU
		{A80D8BCD-E29E-4D06-ADC6-F69A7CC2ED4D}.Release|ARM.ActiveCfg = Release|Any CPU
		{A80D8BCD-E29E-4D06-ADC6-F69A7CC2ED4D}.Release|ARM.Build.0 = Release|Any CPU
		{A80D8BCD-E29E-4D06-ADC6-F69A7CC2ED4D}.Release|iPhone.ActiveCfg = Release|Any CPU
		{A80D8BCD-E29E-4D06-ADC6-F69A7CC2ED4D}.Release|iPhone.Build.0 = Release|Any CPU
		{A80D8BCD-E29E-4D06-ADC6-F69A7CC2ED4D}.Release|iPhoneSimulator.ActiveCfg = Release|Any CPU
		{A80D8BCD-E29E-4D06-ADC6-F69A7CC2ED4D}.Release|iPhoneSimulator.Build.0 = Release|Any CPU
		{A80D8BCD-E29E-4D06-ADC6-F69A7CC2ED4D}.Release|x64.ActiveCfg = Release|Any CPU
		{A80D8BCD-E29E-4D06-ADC6-F69A7CC2ED4D}.Release|x64.Build.0 = Release|Any CPU
		{A80D8BCD-E29E-4D06-ADC6-F69A7CC2ED4D}.Release|x86.ActiveCfg = Release|Any CPU
		{A80D8BCD-E29E-4D06-ADC6-F69A7CC2ED4D}.Release|x86.Build.0 = Release|Any CPU
		{9C72F813-DB2E-4569-808F-14B19A88DCD4}.Ad-Hoc|Any CPU.ActiveCfg = Release|Any CPU
		{9C72F813-DB2E-4569-808F-14B19A88DCD4}.Ad-Hoc|Any CPU.Build.0 = Release|Any CPU
		{9C72F813-DB2E-4569-808F-14B19A88DCD4}.Ad-Hoc|ARM.ActiveCfg = Release|Any CPU
		{9C72F813-DB2E-4569-808F-14B19A88DCD4}.Ad-Hoc|ARM.Build.0 = Release|Any CPU
		{9C72F813-DB2E-4569-808F-14B19A88DCD4}.Ad-Hoc|iPhone.ActiveCfg = Release|Any CPU
		{9C72F813-DB2E-4569-808F-14B19A88DCD4}.Ad-Hoc|iPhone.Build.0 = Release|Any CPU
		{9C72F813-DB2E-4569-808F-14B19A88DCD4}.Ad-Hoc|iPhoneSimulator.ActiveCfg = Release|Any CPU
		{9C72F813-DB2E-4569-808F-14B19A88DCD4}.Ad-Hoc|iPhoneSimulator.Build.0 = Release|Any CPU
		{9C72F813-DB2E-4569-808F-14B19A88DCD4}.Ad-Hoc|x64.ActiveCfg = Release|Any CPU
		{9C72F813-DB2E-4569-808F-14B19A88DCD4}.Ad-Hoc|x64.Build.0 = Release|Any CPU
		{9C72F813-DB2E-4569-808F-14B19A88DCD4}.Ad-Hoc|x86.ActiveCfg = Release|Any CPU
		{9C72F813-DB2E-4569-808F-14B19A88DCD4}.Ad-Hoc|x86.Build.0 = Release|Any CPU
		{9C72F813-DB2E-4569-808F-14B19A88DCD4}.AppStore|Any CPU.ActiveCfg = Release|Any CPU
		{9C72F813-DB2E-4569-808F-14B19A88DCD4}.AppStore|Any CPU.Build.0 = Release|Any CPU
		{9C72F813-DB2E-4569-808F-14B19A88DCD4}.AppStore|ARM.ActiveCfg = Release|Any CPU
		{9C72F813-DB2E-4569-808F-14B19A88DCD4}.AppStore|ARM.Build.0 = Release|Any CPU
		{9C72F813-DB2E-4569-808F-14B19A88DCD4}.AppStore|iPhone.ActiveCfg = Release|Any CPU
		{9C72F813-DB2E-4569-808F-14B19A88DCD4}.AppStore|iPhone.Build.0 = Release|Any CPU
		{9C72F813-DB2E-4569-808F-14B19A88DCD4}.AppStore|iPhoneSimulator.ActiveCfg = Release|Any CPU
		{9C72F813-DB2E-4569-808F-14B19A88DCD4}.AppStore|iPhoneSimulator.Build.0 = Release|Any CPU
		{9C72F813-DB2E-4569-808F-14B19A88DCD4}.AppStore|x64.ActiveCfg = Release|Any CPU
		{9C72F813-DB2E-4569-808F-14B19A88DCD4}.AppStore|x64.Build.0 = Release|Any CPU
		{9C72F813-DB2E-4569-808F-14B19A88DCD4}.AppStore|x86.ActiveCfg = Release|Any CPU
		{9C72F813-DB2E-4569-808F-14B19A88DCD4}.AppStore|x86.Build.0 = Release|Any CPU
		{9C72F813-DB2E-4569-808F-14B19A88DCD4}.Debug|Any CPU.ActiveCfg = Debug|Any CPU
		{9C72F813-DB2E-4569-808F-14B19A88DCD4}.Debug|Any CPU.Build.0 = Debug|Any CPU
		{9C72F813-DB2E-4569-808F-14B19A88DCD4}.Debug|ARM.ActiveCfg = Debug|Any CPU
		{9C72F813-DB2E-4569-808F-14B19A88DCD4}.Debug|ARM.Build.0 = Debug|Any CPU
		{9C72F813-DB2E-4569-808F-14B19A88DCD4}.Debug|iPhone.ActiveCfg = Debug|Any CPU
		{9C72F813-DB2E-4569-808F-14B19A88DCD4}.Debug|iPhone.Build.0 = Debug|Any CPU
		{9C72F813-DB2E-4569-808F-14B19A88DCD4}.Debug|iPhoneSimulator.ActiveCfg = Debug|Any CPU
		{9C72F813-DB2E-4569-808F-14B19A88DCD4}.Debug|iPhoneSimulator.Build.0 = Debug|Any CPU
		{9C72F813-DB2E-4569-808F-14B19A88DCD4}.Debug|x64.ActiveCfg = Debug|Any CPU
		{9C72F813-DB2E-4569-808F-14B19A88DCD4}.Debug|x64.Build.0 = Debug|Any CPU
		{9C72F813-DB2E-4569-808F-14B19A88DCD4}.Debug|x86.ActiveCfg = Debug|Any CPU
		{9C72F813-DB2E-4569-808F-14B19A88DCD4}.Debug|x86.Build.0 = Debug|Any CPU
		{9C72F813-DB2E-4569-808F-14B19A88DCD4}.Release|Any CPU.ActiveCfg = Release|Any CPU
		{9C72F813-DB2E-4569-808F-14B19A88DCD4}.Release|Any CPU.Build.0 = Release|Any CPU
		{9C72F813-DB2E-4569-808F-14B19A88DCD4}.Release|ARM.ActiveCfg = Release|Any CPU
		{9C72F813-DB2E-4569-808F-14B19A88DCD4}.Release|ARM.Build.0 = Release|Any CPU
		{9C72F813-DB2E-4569-808F-14B19A88DCD4}.Release|iPhone.ActiveCfg = Release|Any CPU
		{9C72F813-DB2E-4569-808F-14B19A88DCD4}.Release|iPhone.Build.0 = Release|Any CPU
		{9C72F813-DB2E-4569-808F-14B19A88DCD4}.Release|iPhoneSimulator.ActiveCfg = Release|Any CPU
		{9C72F813-DB2E-4569-808F-14B19A88DCD4}.Release|iPhoneSimulator.Build.0 = Release|Any CPU
		{9C72F813-DB2E-4569-808F-14B19A88DCD4}.Release|x64.ActiveCfg = Release|Any CPU
		{9C72F813-DB2E-4569-808F-14B19A88DCD4}.Release|x64.Build.0 = Release|Any CPU
		{9C72F813-DB2E-4569-808F-14B19A88DCD4}.Release|x86.ActiveCfg = Release|Any CPU
		{9C72F813-DB2E-4569-808F-14B19A88DCD4}.Release|x86.Build.0 = Release|Any CPU
	EndGlobalSection
	GlobalSection(SolutionProperties) = preSolution
		HideSolutionNode = FALSE
	EndGlobalSection
	GlobalSection(ExtensibilityGlobals) = postSolution
		SolutionGuid = {181AF8E2-E17A-4C23-8093-2FC1AE12B818}
	EndGlobalSection
EndGlobal
